
Microsoft Visual Studio Solution File, Format Version 12.00
# Visual Studio Version 16
VisualStudioVersion = 25.0.1705.3
MinimumVisualStudioVersion = 10.0.40219.1
Project("{FAE04EC0-301F-11D3-BF4B-00C04F79EFBC}") = "Löputöö", "Löputöö\Löputöö.csproj", "{13067D92-000B-464B-9A5B-D1ED6118360B}"
EndProject
Global
	GlobalSection(SolutionConfigurationPlatforms) = preSolution
		Debug|Any CPU = Debug|Any CPU
		Release|Any CPU = Release|Any CPU
	EndGlobalSection
	GlobalSection(ProjectConfigurationPlatforms) = postSolution
		{13067D92-000B-464B-9A5B-D1ED6118360B}.Debug|Any CPU.ActiveCfg = Debug|Any CPU
		{13067D92-000B-464B-9A5B-D1ED6118360B}.Debug|Any CPU.Build.0 = Debug|Any CPU
		{13067D92-000B-464B-9A5B-D1ED6118360B}.Release|Any CPU.ActiveCfg = Release|Any CPU
		{13067D92-000B-464B-9A5B-D1ED6118360B}.Release|Any CPU.Build.0 = Release|Any CPU
	EndGlobalSection
	GlobalSection(SolutionProperties) = preSolution
		HideSolutionNode = FALSE
	EndGlobalSection
	GlobalSection(ExtensibilityGlobals) = postSolution
		SolutionGuid = {3CE8003B-EE0E-468A-BFE4-2EF07061DBB5}
	EndGlobalSection
EndGlobal
